DEPENDENCIES
  blueprint-yum
    path: cookbooks/blueprint-yum
  coremedia
    path: cookbooks/coremedia
  mongodb (= 0.16.2)
  psdash
    path: cookbooks/psdash

GRAPH
  apt (2.8.2)
  blueprint-yum (0.1.0)
    yum (~> 3.6.0)
    yum-centos (~> 0.4.5)
    yum-mysql-community (~> 0.1.17)
  build-essential (1.4.4)
  chef_handler (1.2.0)
  coremedia (1.0.1)
    chef_handler (= 1.2.0)
    cron (= 1.6.1)
    java (= 1.27.0)
    mysql (= 4.0.20)
    postgresql (= 3.4.12)
    sql_server (= 1.2.2)
    sysctl (= 0.6.2)
    ulimit (= 0.3.2)
  cron (1.6.1)
  java (1.27.0)
  mongodb (0.16.2)
    apt (>= 1.8.2)
    python (>= 0.0.0)
    runit (>= 1.5.0)
    yum (>= 3.0)
  mysql (4.0.20)
    build-essential (~> 1.4)
    openssl (~> 1.1)
  ohai (2.0.1)
  openssl (1.1.0)
  packagecloud (0.1.0)
  postgresql (3.4.12)
    apt (>= 1.9.0)
    build-essential (>= 0.0.0)
    openssl (>= 0.0.0)
  psdash (0.1.1)
    python (= 1.4.6)
  python (1.4.6)
    build-essential (>= 0.0.0)
    yum-epel (>= 0.0.0)
  runit (1.7.2)
    packagecloud (>= 0.0.0)
  sql_server (1.2.2)
    openssl (>= 0.0.0)
    windows (>= 1.2.6)
  sysctl (0.6.2)
    ohai (>= 0.0.0)
  ulimit (0.3.2)
  windows (1.38.2)
    chef_handler (>= 0.0.0)
  yum (3.6.3)
  yum-centos (0.4.7)
    yum (~> 3.2)
  yum-epel (0.6.3)
    yum (~> 3.2)
  yum-mysql-community (0.1.18)
    yum (>= 3.0)
